# THIS IS AN AUTOGENERATED FILE. DO NOT EDIT THIS FILE DIRECTLY.
# yarn lockfile v1


"@types/quill@^2.0.14":
  version "2.0.14"
  resolved "https://registry.yarnpkg.com/@types/quill/-/quill-2.0.14.tgz#78309020cccd6d9569bbba5733f4329a4ae76b47"
  integrity sha512-zvoXCRnc2Dl8g+7/9VSAmRWPN6oH+MVhTPizmCR+GJCITplZ5VRVzMs4+a/nOE3yzNwEZqylJJrMB07bwbM1/g==
  dependencies:
    parchment "^1.1.2"
    quill-delta "^5.1.0"

fast-diff@^1.3.0:
  version "1.3.0"
  resolved "https://registry.yarnpkg.com/fast-diff/-/fast-diff-1.3.0.tgz#ece407fa550a64d638536cd727e129c61616e0f0"
  integrity sha512-VxPP4NqbUjj6MaAOafWeUn2cXWLcCtljklUtZf0Ind4XQ+QPtmA0b18zZy0jIQx+ExRVCR/ZQpBmik5lXshNsw==

lodash.clonedeep@^4.5.0:
  version "4.5.0"
  resolved "https://registry.yarnpkg.com/lodash.clonedeep/-/lodash.clonedeep-4.5.0.tgz#e23f3f9c4f8fbdde872529c1071857a086e5ccef"
  integrity sha512-H5ZhCF25riFd9uB5UCkVKo61m3S/xZk1x4wA6yp/L3RFP6Z/eHH1ymQcGLo7J3GMPfm0V/7m1tryHuGVxpqEBQ==

lodash.isequal@^4.5.0:
  version "4.5.0"
  resolved "https://registry.yarnpkg.com/lodash.isequal/-/lodash.isequal-4.5.0.tgz#415c4478f2bcc30120c22ce10ed3226f7d3e18e0"
  integrity sha512-pDo3lu8Jhfjqls6GkMgpahsF9kCyayhgykjyLMNFTKWrpVdAQtYyB4muAMWozBB4ig/dtWAmsMxLEI8wuz+DYQ==

ot-text-unicode@^4.0.0:
  version "4.0.0"
  resolved "https://registry.yarnpkg.com/ot-text-unicode/-/ot-text-unicode-4.0.0.tgz#778a327535c81ed265b36ebe1bd677f31bae1e32"
  integrity sha512-W7ZLU8QXesY2wagYFv47zErXud3E93FGImmSGJsQnBzE+idcPPyo2u2KMilIrTwBh4pbCizy71qRjmmV6aDhcQ==
  dependencies:
    unicount "1.1"

ot-text@^1.0.2:
  version "1.0.2"
  resolved "https://registry.yarnpkg.com/ot-text/-/ot-text-1.0.2.tgz#fc27c12b07a93b13c328c833bf94c9c24ac46231"
  integrity sha512-1xjcAjB57tYtv722j8J+IaYe4fKZOeaQ3zDa0clUlkhboawrq+dk1cpDfe4+TBSb9NNe7Yra9+tJKsw+8q4H9A==

parchment@^1.1.2:
  version "1.1.4"
  resolved "https://registry.yarnpkg.com/parchment/-/parchment-1.1.4.tgz#aeded7ab938fe921d4c34bc339ce1168bc2ffde5"
  integrity sha512-J5FBQt/pM2inLzg4hEWmzQx/8h8D0CiDxaG3vyp9rKrQRSDgBlhjdP5jQGgosEajXPSQouXGHOmVdgo7QmJuOg==

quill-delta@^5.0.0, quill-delta@^5.1.0:
  version "5.1.0"
  resolved "https://registry.yarnpkg.com/quill-delta/-/quill-delta-5.1.0.tgz#1c4bc08f7c8e5cc4bdc88a15a1a70c1cc72d2b48"
  integrity sha512-X74oCeRI4/p0ucjb5Ma8adTXd9Scumz367kkMK5V/IatcX6A0vlgLgKbzXWy5nZmCGeNJm2oQX0d2Eqj+ZIlCA==
  dependencies:
    fast-diff "^1.3.0"
    lodash.clonedeep "^4.5.0"
    lodash.isequal "^4.5.0"

unicount@1.1:
  version "1.1.0"
  resolved "https://registry.yarnpkg.com/unicount/-/unicount-1.1.0.tgz#396a3df661c19675a93861ac878c2c9c0042abf0"
  integrity sha512-RlwWt1ywVW4WErPGAVHw/rIuJ2+MxvTME0siJ6lk9zBhpDfExDbspe6SRlWT3qU6AucNjotPl9qAJRVjP7guCQ==
